
Microsoft Visual Studio Solution File, Format Version 12.00
Project("{FAE04EC0-301F-11D3-BF4B-00C04F79EFBC}") = "GalleryAPI.Core", "GalleryAPI.Core\GalleryAPI.Core.csproj", "{03CADC0E-71CF-4649-A3E6-ADAE5010D002}"
EndProject
Project("{FAE04EC0-301F-11D3-BF4B-00C04F79EFBC}") = "GalleryAPI", "GalleryAPI\GalleryAPI.csproj", "{8B1947D8-6714-425C-AF46-D292F46500BC}"
EndProject
Project("{FAE04EC0-301F-11D3-BF4B-00C04F79EFBC}") = "GalleryAPI.DAL", "GalleryAPI.DAL\GalleryAPI.DAL.csproj", "{B172FE29-2FE0-4B92-A84B-3EA6A6591149}"
EndProject
Project("{FAE04EC0-301F-11D3-BF4B-00C04F79EFBC}") = "GalleryAPI.BLL", "GalleryAPI.BLL\GalleryAPI.BLL.csproj", "{30EF8F24-6EE7-4A7B-9AB7-C82A08EB4A97}"
EndProject
Project("{FAE04EC0-301F-11D3-BF4B-00C04F79EFBC}") = "GalleryAPI.Infrastructure", "GalleryAPI.Infrastructure\GalleryAPI.Infrastructure.csproj", "{7863F150-24BC-481D-A60A-854C6CA75708}"
EndProject
Global
	GlobalSection(SolutionConfigurationPlatforms) = preSolution
		Debug|Any CPU = Debug|Any CPU
		Release|Any CPU = Release|Any CPU
	EndGlobalSection
	GlobalSection(ProjectConfigurationPlatforms) = postSolution
		{03CADC0E-71CF-4649-A3E6-ADAE5010D002}.Debug|Any CPU.ActiveCfg = Debug|Any CPU
		{03CADC0E-71CF-4649-A3E6-ADAE5010D002}.Debug|Any CPU.Build.0 = Debug|Any CPU
		{03CADC0E-71CF-4649-A3E6-ADAE5010D002}.Release|Any CPU.ActiveCfg = Release|Any CPU
		{03CADC0E-71CF-4649-A3E6-ADAE5010D002}.Release|Any CPU.Build.0 = Release|Any CPU
		{8B1947D8-6714-425C-AF46-D292F46500BC}.Debug|Any CPU.ActiveCfg = Debug|Any CPU
		{8B1947D8-6714-425C-AF46-D292F46500BC}.Debug|Any CPU.Build.0 = Debug|Any CPU
		{8B1947D8-6714-425C-AF46-D292F46500BC}.Release|Any CPU.ActiveCfg = Release|Any CPU
		{8B1947D8-6714-425C-AF46-D292F46500BC}.Release|Any CPU.Build.0 = Release|Any CPU
		{B172FE29-2FE0-4B92-A84B-3EA6A6591149}.Debug|Any CPU.ActiveCfg = Debug|Any CPU
		{B172FE29-2FE0-4B92-A84B-3EA6A6591149}.Debug|Any CPU.Build.0 = Debug|Any CPU
		{B172FE29-2FE0-4B92-A84B-3EA6A6591149}.Release|Any CPU.ActiveCfg = Release|Any CPU
		{B172FE29-2FE0-4B92-A84B-3EA6A6591149}.Release|Any CPU.Build.0 = Release|Any CPU
		{30EF8F24-6EE7-4A7B-9AB7-C82A08EB4A97}.Debug|Any CPU.ActiveCfg = Debug|Any CPU
		{30EF8F24-6EE7-4A7B-9AB7-C82A08EB4A97}.Debug|Any CPU.Build.0 = Debug|Any CPU
		{30EF8F24-6EE7-4A7B-9AB7-C82A08EB4A97}.Release|Any CPU.ActiveCfg = Release|Any CPU
		{30EF8F24-6EE7-4A7B-9AB7-C82A08EB4A97}.Release|Any CPU.Build.0 = Release|Any CPU
		{7863F150-24BC-481D-A60A-854C6CA75708}.Debug|Any CPU.ActiveCfg = Debug|Any CPU
		{7863F150-24BC-481D-A60A-854C6CA75708}.Debug|Any CPU.Build.0 = Debug|Any CPU
		{7863F150-24BC-481D-A60A-854C6CA75708}.Release|Any CPU.ActiveCfg = Release|Any CPU
		{7863F150-24BC-481D-A60A-854C6CA75708}.Release|Any CPU.Build.0 = Release|Any CPU
	EndGlobalSection
EndGlobal
